github.com/robfig/cron/v3 v3.0.1 h1:WdRxkvbJztn8LMz/QEvLN5sBU+xKpSqwwUO1Pjr4qDs=
github.com/robfig/cron/v3 v3.0.1/go.mod h1:eQICP3HwyT7UooqI/z+Ov+PtYAWygg1TEWWzGIFLtro=
gocv.io/x/gocv v0.37.0 h1:sISHvnApErjoJodz1Dxb8UAkFdITOB3vXGslbVu6Knk=
gocv.io/x/gocv v0.37.0/go.mod h1:lmS802zoQmnNvXETpmGriBqWrENPei2GxYx5KUxJsMA=
